Microsoft Visual Studio Solution File, Format Version 12.00
# Visual Studio Version 17
VisualStudioVersion = 17.11.35327.3
MinimumVisualStudioVersion = 10.0.40219.1
Project("{FAE04EC0-301F-11D3-BF4B-00C04F79EFBC}") = "MUGS-Demo.AppHost", "MUGS-Demo.AppHost\MUGS-Demo.AppHost.csproj", "{3759FBB3-B344-43D9-9E18-67F4070639FD}"
EndProject
Project("{9A19103F-16F7-4668-BE54-9A1E7A4F7556}") = "MUGS-Demo.ServiceDefaults", "MUGS-Demo.ServiceDefaults\MUGS-Demo.ServiceDefaults.csproj", "{726FC3E8-4C22-4E50-919E-4C95B5304E22}"
EndProject
Project("{9A19103F-16F7-4668-BE54-9A1E7A4F7556}") = "MUGS-Demo.ApiService", "MUGS-Demo.ApiService\MUGS-Demo.ApiService.csproj", "{1D3540E2-71F9-4C60-A7F2-696A9E4A952F}"
EndProject
Project("{9A19103F-16F7-4668-BE54-9A1E7A4F7556}") = "MUGS-Demo.Web", "MUGS-Demo.Web\MUGS-Demo.Web.csproj", "{2DFCDD44-C978-4E4E-A79B-39867BF0FB7F}"
EndProject
Global
	GlobalSection(SolutionConfigurationPlatforms) = preSolution
		Debug|Any CPU = Debug|Any CPU
		Release|Any CPU = Release|Any CPU
	EndGlobalSection
	GlobalSection(ProjectConfigurationPlatforms) = postSolution
		{3759FBB3-B344-43D9-9E18-67F4070639FD}.Debug|Any CPU.ActiveCfg = Debug|Any CPU
		{3759FBB3-B344-43D9-9E18-67F4070639FD}.Debug|Any CPU.Build.0 = Debug|Any CPU
		{3759FBB3-B344-43D9-9E18-67F4070639FD}.Release|Any CPU.ActiveCfg = Release|Any CPU
		{3759FBB3-B344-43D9-9E18-67F4070639FD}.Release|Any CPU.Build.0 = Release|Any CPU
		{726FC3E8-4C22-4E50-919E-4C95B5304E22}.Debug|Any CPU.ActiveCfg = Debug|Any CPU
		{726FC3E8-4C22-4E50-919E-4C95B5304E22}.Debug|Any CPU.Build.0 = Debug|Any CPU
		{726FC3E8-4C22-4E50-919E-4C95B5304E22}.Release|Any CPU.ActiveCfg = Release|Any CPU
		{726FC3E8-4C22-4E50-919E-4C95B5304E22}.Release|Any CPU.Build.0 = Release|Any CPU
		{1D3540E2-71F9-4C60-A7F2-696A9E4A952F}.Debug|Any CPU.ActiveCfg = Debug|Any CPU
		{1D3540E2-71F9-4C60-A7F2-696A9E4A952F}.Debug|Any CPU.Build.0 = Debug|Any CPU
		{1D3540E2-71F9-4C60-A7F2-696A9E4A952F}.Release|Any CPU.ActiveCfg = Release|Any CPU
		{1D3540E2-71F9-4C60-A7F2-696A9E4A952F}.Release|Any CPU.Build.0 = Release|Any CPU
		{2DFCDD44-C978-4E4E-A79B-39867BF0FB7F}.Debug|Any CPU.ActiveCfg = Debug|Any CPU
		{2DFCDD44-C978-4E4E-A79B-39867BF0FB7F}.Debug|Any CPU.Build.0 = Debug|Any CPU
		{2DFCDD44-C978-4E4E-A79B-39867BF0FB7F}.Release|Any CPU.ActiveCfg = Release|Any CPU
		{2DFCDD44-C978-4E4E-A79B-39867BF0FB7F}.Release|Any CPU.Build.0 = Release|Any CPU
	EndGlobalSection
	GlobalSection(SolutionProperties) = preSolution
		HideSolutionNode = FALSE
	EndGlobalSection
	GlobalSection(ExtensibilityGlobals) = postSolution
		SolutionGuid = {88E21164-7F08-4DCF-A973-BBBFBAC1F867}
	EndGlobalSection
EndGlobal
